
Microsoft Visual Studio Solution File, Format Version 12.00
# Visual Studio Version 17
VisualStudioVersion = 17.3.32901.215
MinimumVisualStudioVersion = 10.0.40219.1
Project("{FAE04EC0-301F-11D3-BF4B-00C04F79EFBC}") = "api", "api\api.csproj", "{9AB3602E-B9A2-421A-8041-4EA2998E794C}"
EndProject
Global
	GlobalSection(SolutionConfigurationPlatforms) = preSolution
		Debug|Any CPU = Debug|Any CPU
		Release|Any CPU = Release|Any CPU
	EndGlobalSection
	GlobalSection(ProjectConfigurationPlatforms) = postSolution
		{9AB3602E-B9A2-421A-8041-4EA2998E794C}.Debug|Any CPU.ActiveCfg = Debug|Any CPU
		{9AB3602E-B9A2-421A-8041-4EA2998E794C}.Debug|Any CPU.Build.0 = Debug|Any CPU
		{9AB3602E-B9A2-421A-8041-4EA2998E794C}.Release|Any CPU.ActiveCfg = Release|Any CPU
		{9AB3602E-B9A2-421A-8041-4EA2998E794C}.Release|Any CPU.Build.0 = Release|Any CPU
	EndGlobalSection
	GlobalSection(SolutionProperties) = preSolution
		HideSolutionNode = FALSE
	EndGlobalSection
	GlobalSection(ExtensibilityGlobals) = postSolution
		SolutionGuid = {9B650808-1730-4367-BD5B-DCFBE5F6E5E0}
	EndGlobalSection
EndGlobal
